
Microsoft Visual Studio Solution File, Format Version 12.00
# Visual Studio 15
VisualStudioVersion = 15.0.27130.2027
MinimumVisualStudioVersion = 10.0.40219.1
Project("{FAE04EC0-301F-11D3-BF4B-00C04F79EFBC}") = "CarInterface", "CarInterface\CarInterface.csproj", "{FAC02D86-39EF-4CEA-8181-7ECDC31E3229}"
EndProject
Global
	GlobalSection(SolutionConfigurationPlatforms) = preSolution
		Debug|Any CPU = Debug|Any CPU
		Release|Any CPU = Release|Any CPU
	EndGlobalSection
	GlobalSection(ProjectConfigurationPlatforms) = postSolution
		{FAC02D86-39EF-4CEA-8181-7ECDC31E3229}.Debug|Any CPU.ActiveCfg = Debug|Any CPU
		{FAC02D86-39EF-4CEA-8181-7ECDC31E3229}.Debug|Any CPU.Build.0 = Debug|Any CPU
		{FAC02D86-39EF-4CEA-8181-7ECDC31E3229}.Release|Any CPU.ActiveCfg = Release|Any CPU
		{FAC02D86-39EF-4CEA-8181-7ECDC31E3229}.Release|Any CPU.Build.0 = Release|Any CPU
	EndGlobalSection
	GlobalSection(SolutionProperties) = preSolution
		HideSolutionNode = FALSE
	EndGlobalSection
	GlobalSection(ExtensibilityGlobals) = postSolution
		SolutionGuid = {F6FF0695-0C78-4668-9923-383FA467F310}
	EndGlobalSection
EndGlobal
